
Microsoft Visual Studio Solution File, Format Version 12.00
# Visual Studio Version 16
VisualStudioVersion = 16.0.29306.81
MinimumVisualStudioVersion = 10.0.40219.1
Project("{9A19103F-16F7-4668-BE54-9A1E7A4F7556}") = "SpongeNET", "SpongeNET\SpongeNET.csproj", "{A7E085FC-6DF5-4816-9889-AF2872CE722D}"
EndProject
Project("{FAE04EC0-301F-11D3-BF4B-00C04F79EFBC}") = "Quipcord", "Quipcord\Quipcord.csproj", "{63FAAD70-14EE-43DD-B62F-50A3D50075C9}"
EndProject
Global
	GlobalSection(SolutionConfigurationPlatforms) = preSolution
		Debug|Any CPU = Debug|Any CPU
		Release|Any CPU = Release|Any CPU
	EndGlobalSection
	GlobalSection(ProjectConfigurationPlatforms) = postSolution
		{A7E085FC-6DF5-4816-9889-AF2872CE722D}.Debug|Any CPU.ActiveCfg = Debug|Any CPU
		{A7E085FC-6DF5-4816-9889-AF2872CE722D}.Debug|Any CPU.Build.0 = Debug|Any CPU
		{A7E085FC-6DF5-4816-9889-AF2872CE722D}.Release|Any CPU.ActiveCfg = Release|Any CPU
		{A7E085FC-6DF5-4816-9889-AF2872CE722D}.Release|Any CPU.Build.0 = Release|Any CPU
		{63FAAD70-14EE-43DD-B62F-50A3D50075C9}.Debug|Any CPU.ActiveCfg = Debug|Any CPU
		{63FAAD70-14EE-43DD-B62F-50A3D50075C9}.Debug|Any CPU.Build.0 = Debug|Any CPU
		{63FAAD70-14EE-43DD-B62F-50A3D50075C9}.Release|Any CPU.ActiveCfg = Release|Any CPU
		{63FAAD70-14EE-43DD-B62F-50A3D50075C9}.Release|Any CPU.Build.0 = Release|Any CPU
	EndGlobalSection
	GlobalSection(SolutionProperties) = preSolution
		HideSolutionNode = FALSE
	EndGlobalSection
	GlobalSection(ExtensibilityGlobals) = postSolution
		SolutionGuid = {91BA00F3-772E-4552-B4DC-A4D7110B630B}
	EndGlobalSection
EndGlobal
